<Solution>
  <Folder Name="/Solution Items/">
    <File Path=".editorconfig" />
  </Folder>
  <Folder Name="/src/">
    <Project Path="src/CondoNet.Shared/CondoNet.Shared.csproj" Id="d2330135-344e-49ad-82c4-df75645a83f9" />
  </Folder>
  <Folder Name="/src/Accounting Service/">
    <Project Path="src/CondoNet.Accounting.Api/CondoNet.Accounting.Api.csproj" />
    <Project Path="src/CondoNet.Accounting.Core/CondoNet.Accounting.Core.csproj" />
    <Project Path="src/CondoNet.Accounting.Infrastructure/CondoNet.Accounting.Infrastructure.csproj" />
  </Folder>
  <Folder Name="/src/Asset Service/">
    <Project Path="src/CondoNET.Asset.Api/CondoNet.Asset.Api.csproj" />
    <Project Path="src/CondoNet.Asset.Core/CondoNet.Asset.Core.csproj" />
    <Project Path="src/CondoNet.Asset.Infraestructure/CondoNet.Asset.Infrastructure.csproj" />
  </Folder>
  <Folder Name="/src/Authentication Service/">
    <Project Path="src/CondoNet.Auth.Api/CondoNet.Auth.Api.csproj" Id="c57c8f12-3091-4a8d-8053-c4b864c62e04" />
    <Project Path="src/CondoNet.Auth.Core/CondoNet.Auth.Core.csproj" Id="c78471d9-945c-4b92-aff8-f0b30e67fdf1" />
    <Project Path="src/CondoNet.Auth.Infrastructure/CondoNet.Auth.Infrastructure.csproj" Id="5a44e2fb-e066-4f8c-ba15-a9ee351f7591" />
  </Folder>
  <Folder Name="/src/BlockChain Service/">
    <Project Path="src/CondoNet.BlockChain.Core/CondoNet.BlockChain.Core.csproj" Id="ad8235b0-0152-47fd-b5d9-c7afe9d1826a" />
    <Project Path="src/CondoNet.BlockChain.Infrastructure/CondoNet.BlockChain.Infrastructure.csproj" Id="f070eea7-a135-411a-a060-6f33f058304b" />
  </Folder>
  <Folder Name="/src/Booking Service/">
    <Project Path="src/CondoNet.Booking.API/CondoNet.Booking.API.csproj" Id="7d8f967f-ef5d-43c0-aeae-2ba8e42c3b97" />
    <Project Path="src/CondoNet.Booking.Core/CondoNet.Booking.Core.csproj" Id="c71d822e-74b5-4ef3-98c8-1ac5a6143c59" />
    <Project Path="src/CondoNet.Booking.Infrastructure/CondoNet.Booking.Infrastructure.csproj" Id="f0280611-504a-4ec5-9dc6-e3bc8d2a281d" />
  </Folder>
  <Folder Name="/src/Engagement Service/">
    <Project Path="src/CondoNet.Engagement.Api/CondoNet.Engagement.Api.csproj" Id="861eb040-de12-4889-87e7-909ccfc59a80" />
    <Project Path="src/CondoNet.Engagement.Core/CondoNet.Engagement.Core.csproj" Id="022bf1b5-4551-438e-9c9e-65928c0f3dbb" />
    <Project Path="src/CondoNet.Engagement.Infrastructure/CondoNet.Engagement.Infrastructure.csproj" Id="d6ddca83-a6a1-4379-ae8b-560a8aa7736f" />
  </Folder>
  <Folder Name="/src/Financial Service/">
    <Project Path="src/CondoNet.Financial.Api/CondoNet.Financial.Api.csproj" Id="d470a0bb-41f2-40c9-a7a9-1531aa8d1925" />
    <Project Path="src/CondoNet.Financial.Core/CondoNet.Financial.Core.csproj" Id="c8deeaa6-9dda-471b-a417-f2d7f98ec563" />
    <Project Path="src/CondoNet.Financial.Infrastructure/CondoNet.Financial.Infrastructure.csproj" />
    <Project Path="src/CondoNET.Financial.Worker/CondoNET.Financial.Worker.csproj" />
  </Folder>
  <Folder Name="/src/Gateway Service/">
    <Project Path="src/CondoNet.Gateway.Api/CondoNet.Gateway.Api.csproj" Id="22c2f5e6-bc36-4810-8c48-926d4dbdb567" />
  </Folder>
  <Folder Name="/src/Payment Service/">
    <Project Path="src/CondoNet.Payment.Api/CondoNet.Payment.Api.csproj" Id="533f73b0-a5bc-4ec6-8027-13ad13ec756f" />
    <Project Path="src/CondoNet.Payment.Core/CondoNet.Payment.Core.csproj" Id="89b95cb2-1ad3-4c65-bf27-4bef9f7f7c73" />
    <Project Path="src/CondoNet.Payment.Infrastructure/CondoNet.Payment.Infrastructure.csproj" Id="48a01961-4a40-4396-bb2d-b71a1a88e31d" />
  </Folder>
</Solution>
